// !$*UTF8*$!
{
	archiveVersion = 1;
	classes = {
	};
	objectVersion = 50;
	objects = {

/* Begin PBXBuildFile section */
		8FE81658221C62A800075568 /* AppDelegate.swift in Sources */ = {isa = PBXBuildFile; fileRef = 8FE81657221C62A800075568 /* AppDelegate.swift */; };
		8FE8165A221C62A800075568 /* ViewController.swift in Sources */ = {isa = PBXBuildFile; fileRef = 8FE81659221C62A800075568 /* ViewController.swift */; };
		8FE8165D221C62A800075568 /* Main.storyboard in Resources */ = {isa = PBXBuildFile; fileRef = 8FE8165B221C62A800075568 /* Main.storyboard */; };
		8FE8165F221C62AE00075568 /* Assets.xcassets in Resources */ = {isa = PBXBuildFile; fileRef = 8FE8165E221C62AE00075568 /* Assets.xcassets */; };
		8FE81662221C62AE00075568 /* LaunchScreen.storyboard in Resources */ = {isa = PBXBuildFile; fileRef = 8FE81660221C62AE00075568 /* LaunchScreen.storyboard */; };
		8FE8166D221C62AE00075568 /* HustleUpTests.swift in Sources */ = {isa = PBXBuildFile; fileRef = 8FE8166C221C62AE00075568 /* HustleUpTests.swift */; };
		8FE81678221C62AE00075568 /* HustleUpUITests.swift in Sources */ = {isa = PBXBuildFile; fileRef = 8FE81677221C62AE00075568 /* HustleUpUITests.swift */; };
/* End PBXBuildFile section */

/* Begin PBXContainerItemProxy section */
		8FE81669221C62AE00075568 /* PBXContainerItemProxy */ = {
			isa = PBXContainerItemProxy;
			containerPortal = 8FE8164C221C62A700075568 /* Project object */;
			proxyType = 1;
			remoteGlobalIDString = 8FE81653221C62A700075568;
			remoteInfo = HustleUp;
		};
		8FE81674221C62AE00075568 /* PBXContainerItemProxy */ = {
			isa = PBXContainerItemProxy;
			containerPortal = 8FE8164C221C62A700075568 /* Project object */;
			proxyType = 1;
			remoteGlobalIDString = 8FE81653221C62A700075568;
			remoteInfo = HustleUp;
		};
/* End PBXContainerItemProxy section */

/* Begin PBXFileReference section */
		8FE81654221C62A800075568 /* HustleUp.app */ = {isa = PBXFileReference; explicitFileType = wrapper.application; includeInIndex = 0; path = HustleUp.app; sourceTree = BUILT_PRODUCTS_DIR; };
		8FE81657221C62A800075568 /* AppDelegate.swift */ = {isa = PBXFileReference; lastKnownFileType = sourcecode.swift; path = AppDelegate.swift; sourceTree = "<group>"; };
		8FE81659221C62A800075568 /* ViewController.swift */ = {isa = PBXFileReference; lastKnownFileType = sourcecode.swift; path = ViewController.swift; sourceTree = "<group>"; };
		8FE8165C221C62A800075568 /* Base */ = {isa = PBXFileReference; lastKnownFileType = file.storyboard; name = Base; path = Base.lproj/Main.storyboard; sourceTree = "<group>"; };
		8FE8165E221C62AE00075568 /* Assets.xcassets */ = {isa = PBXFileReference; lastKnownFileType = folder.assetcatalog; path = Assets.xcassets; sourceTree = "<group>"; };
		8FE81661221C62AE00075568 /* Base */ = {isa = PBXFileReference; lastKnownFileType = file.storyboard; name = Base; path = Base.lproj/LaunchScreen.storyboard; sourceTree = "<group>"; };
		8FE81663221C62AE00075568 /* Info.plist */ = {isa = PBXFileReference; lastKnownFileType = text.plist.xml; path = Info.plist; sourceTree = "<group>"; };
		8FE81668221C62AE00075568 /* HustleUpTests.xctest */ = {isa = PBXFileReference; explicitFileType = wrapper.cfbundle; includeInIndex = 0; path = HustleUpTests.xctest; sourceTree = BUILT_PRODUCTS_DIR; };
		8FE8166C221C62AE00075568 /* HustleUpTests.swift */ = {isa = PBXFileReference; lastKnownFileType = sourcecode.swift; path = HustleUpTests.swift; sourceTree = "<group>"; };
		8FE8166E221C62AE00075568 /* Info.plist */ = {isa = PBXFileReference; lastKnownFileType = text.plist.xml; path = Info.plist; sourceTree = "<group>"; };
		8FE81673221C62AE00075568 /* HustleUpUITests.xctest */ = {isa = PBXFileReference; explicitFileType = wrapper.cfbundle; includeInIndex = 0; path = HustleUpUITests.xctest; sourceTree = BUILT_PRODUCTS_DIR; };
		8FE81677221C62AE00075568 /* HustleUpUITests.swift */ = {isa = PBXFileReference; lastKnownFileType = sourcecode.swift; path = HustleUpUITests.swift; sourceTree = "<group>"; };
		8FE81679221C62AE00075568 /* Info.plist */ = {isa = PBXFileReference; lastKnownFileType = text.plist.xml; path = Info.plist; sourceTree = "<group>"; };
/* End PBXFileReference section */

/* Begin PBXFrameworksBuildPhase section */
		8FE81651221C62A700075568 /* Frameworks */ = {
			isa = PBXFrameworksBuildPhase;
			buildActionMask = 2147483647;
			files = (
			);
			runOnlyForDeploymentPostprocessing = 0;
		};
		8FE81665221C62AE00075568 /* Frameworks */ = {
			isa = PBXFrameworksBuildPhase;
			buildActionMask = 2147483647;
			files = (
			);
			runOnlyForDeploymentPostprocessing = 0;
		};
		8FE81670221C62AE00075568 /* Frameworks */ = {
			isa = PBXFrameworksBuildPhase;
			buildActionMask = 2147483647;
			files = (
			);
			runOnlyForDeploymentPostprocessing = 0;
		};
/* End PBXFrameworksBuildPhase section */

/* Begin PBXGroup section */
		8FE8164B221C62A700075568 = {
			isa = PBXGroup;
			children = (
				8FE81656221C62A800075568 /* HustleUp */,
				8FE8166B221C62AE00075568 /* HustleUpTests */,
				8FE81676221C62AE00075568 /* HustleUpUITests */,
				8FE81655221C62A800075568 /* Products */,
			);
			sourceTree = "<group>";
		};
		8FE81655221C62A800075568 /* Products */ = {
			isa = PBXGroup;
			children = (
				8FE81654221C62A800075568 /* HustleUp.app */,
				8FE81668221C62AE00075568 /* HustleUpTests.xctest */,
				8FE81673221C62AE00075568 /* HustleUpUITests.xctest */,
			);
			name = Products;
			sourceTree = "<group>";
		};
		8FE81656221C62A800075568 /* HustleUp */ = {
			isa = PBXGroup;
			children = (
				8FE81657221C62A800075568 /* AppDelegate.swift */,
				8FE81659221C62A800075568 /* ViewController.swift */,
				8FE8165B221C62A800075568 /* Main.storyboard */,
				8FE8165E221C62AE00075568 /* Assets.xcassets */,
				8FE81660221C62AE00075568 /* LaunchScreen.storyboard */,
				8FE81663221C62AE00075568 /* Info.plist */,
			);
			path = HustleUp;
			sourceTree = "<group>";
		};
		8FE8166B221C62AE00075568 /* HustleUpTests */ = {
			isa = PBXGroup;
			children = (
				8FE8166C221C62AE00075568 /* HustleUpTests.swift */,
				8FE8166E221C62AE00075568 /* Info.plist */,
			);
			path = HustleUpTests;
			sourceTree = "<group>";
		};
		8FE81676221C62AE00075568 /* HustleUpUITests */ = {
			isa = PBXGroup;
			children = (
				8FE81677221C62AE00075568 /* HustleUpUITests.swift */,
				8FE81679221C62AE00075568 /* Info.plist */,
			);
			path = HustleUpUITests;
			sourceTree = "<group>";
		};
/* End PBXGroup section */

/* Begin PBXNativeTarget section */
		8FE81653221C62A700075568 /* HustleUp */ = {
			isa = PBXNativeTarget;
			buildConfigurationList = 8FE8167C221C62AF00075568 /* Build configuration list for PBXNativeTarget "HustleUp" */;
			buildPhases = (
				8FE81650221C62A700075568 /* Sources */,
				8FE81651221C62A700075568 /* Frameworks */,
				8FE81652221C62A700075568 /* Resources */,
			);
			buildRules = (
			);
			dependencies = (
			);
			name = HustleUp;
			productName = HustleUp;
			productReference = 8FE81654221C62A800075568 /* HustleUp.app */;
			productType = "com.apple.product-type.application";
		};
		8FE81667221C62AE00075568 /* HustleUpTests */ = {
			isa = PBXNativeTarget;
			buildConfigurationList = 8FE8167F221C62AF00075568 /* Build configuration list for PBXNativeTarget "HustleUpTests" */;
			buildPhases = (
				8FE81664221C62AE00075568 /* Sources */,
				8FE81665221C62AE00075568 /* Frameworks */,
				8FE81666221C62AE00075568 /* Resources */,
			);
			buildRules = (
			);
			dependencies = (
				8FE8166A221C62AE00075568 /* PBXTargetDependency */,
			);
			name = HustleUpTests;
			productName = HustleUpTests;
			productReference = 8FE81668221C62AE00075568 /* HustleUpTests.xctest */;
			productType = "com.apple.product-type.bundle.unit-test";
		};
		8FE81672221C62AE00075568 /* HustleUpUITests */ = {
			isa = PBXNativeTarget;
			buildConfigurationList = 8FE81682221C62AF00075568 /* Build configuration list for PBXNativeTarget "HustleUpUITests" */;
			buildPhases = (
				8FE8166F221C62AE00075568 /* Sources */,
				8FE81670221C62AE00075568 /* Frameworks */,
				8FE81671221C62AE00075568 /* Resources */,
			);
			buildRules = (
			);
			dependencies = (
				8FE81675221C62AE00075568 /* PBXTargetDependency */,
			);
			name = HustleUpUITests;
			productName = HustleUpUITests;
			productReference = 8FE81673221C62AE00075568 /* HustleUpUITests.xctest */;
			productType = "com.apple.product-type.bundle.ui-testing";
		};
/* End PBXNativeTarget section */

/* Begin PBXProject section */
		8FE8164C221C62A700075568 /* Project object */ = {
			isa = PBXProject;
			attributes = {
				LastSwiftUpdateCheck = 1010;
				LastUpgradeCheck = 1010;
				ORGANIZATIONNAME = "Martin Ševčík";
				TargetAttributes = {
					8FE81653221C62A700075568 = {
						CreatedOnToolsVersion = 10.1;
					};
					8FE81667221C62AE00075568 = {
						CreatedOnToolsVersion = 10.1;
						TestTargetID = 8FE81653221C62A700075568;
					};
					8FE81672221C62AE00075568 = {
						CreatedOnToolsVersion = 10.1;
						TestTargetID = 8FE81653221C62A700075568;
					};
				};
			};
			buildConfigurationList = 8FE8164F221C62A700075568 /* Build configuration list for PBXProject "HustleUp" */;
			compatibilityVersion = "Xcode 9.3";
			developmentRegion = en;
			hasScannedForEncodings = 0;
			knownRegions = (
				en,
				Base,
			);
			mainGroup = 8FE8164B221C62A700075568;
			productRefGroup = 8FE81655221C62A800075568 /* Products */;
			projectDirPath = "";
			projectRoot = "";
			targets = (
				8FE81653221C62A700075568 /* HustleUp */,
				8FE81667221C62AE00075568 /* HustleUpTests */,
				8FE81672221C62AE00075568 /* HustleUpUITests */,
			);
		};
/* End PBXProject section */

/* Begin PBXResourcesBuildPhase section */
		8FE81652221C62A700075568 /* Resources */ = {
			isa = PBXResourcesBuildPhase;
			buildActionMask = 2147483647;
			files = (
				8FE81662221C62AE00075568 /* LaunchScreen.storyboard in Resources */,
				8FE8165F221C62AE00075568 /* Assets.xcassets in Resources */,
				8FE8165D221C62A800075568 /* Main.storyboard in Resources */,
			);
			runOnlyForDeploymentPostprocessing = 0;
		};
		8FE81666221C62AE00075568 /* Resources */ = {
			isa = PBXResourcesBuildPhase;
			buildActionMask = 2147483647;
			files = (
			);
			runOnlyForDeploymentPostprocessing = 0;
		};
		8FE81671221C62AE00075568 /* Resources */ = {
			isa = PBXResourcesBuildPhase;
			buildActionMask = 2147483647;
			files = (
			);
			runOnlyForDeploymentPostprocessing = 0;
		};
/* End PBXResourcesBuildPhase section */

/* Begin PBXSourcesBuildPhase section */
		8FE81650221C62A700075568 /* Sources */ = {
			isa = PBXSourcesBuildPhase;
			buildActionMask = 2147483647;
			files = (
				8FE8165A221C62A800075568 /* ViewController.swift in Sources */,
				8FE81658221C62A800075568 /* AppDelegate.swift in Sources */,
			);
			runOnlyForDeploymentPostprocessing = 0;
		};
		8FE81664221C62AE00075568 /* Sources */ = {
			isa = PBXSourcesBuildPhase;
			buildActionMask = 2147483647;
			files = (
				8FE8166D221C62AE00075568 /* HustleUpTests.swift in Sources */,
			);
			runOnlyForDeploymentPostprocessing = 0;
		};
		8FE8166F221C62AE00075568 /* Sources */ = {
			isa = PBXSourcesBuildPhase;
			buildActionMask = 2147483647;
			files = (
				8FE81678221C62AE00075568 /* HustleUpUITests.swift in Sources */,
			);
			runOnlyForDeploymentPostprocessing = 0;
		};
/* End PBXSourcesBuildPhase section */

/* Begin PBXTargetDependency section */
		8FE8166A221C62AE00075568 /* PBXTargetDependency */ = {
			isa = PBXTargetDependency;
			target = 8FE81653221C62A700075568 /* HustleUp */;
			targetProxy = 8FE81669221C62AE00075568 /* PBXContainerItemProxy */;
		};
		8FE81675221C62AE00075568 /* PBXTargetDependency */ = {
			isa = PBXTargetDependency;
			target = 8FE81653221C62A700075568 /* HustleUp */;
			targetProxy = 8FE81674221C62AE00075568 /* PBXContainerItemProxy */;
		};
/* End PBXTargetDependency section */

/* Begin PBXVariantGroup section */
		8FE8165B221C62A800075568 /* Main.storyboard */ = {
			isa = PBXVariantGroup;
			children = (
				8FE8165C221C62A800075568 /* Base */,
			);
			name = Main.storyboard;
			sourceTree = "<group>";
		};
		8FE81660221C62AE00075568 /* LaunchScreen.storyboard */ = {
			isa = PBXVariantGroup;
			children = (
				8FE81661221C62AE00075568 /* Base */,
			);
			name = LaunchScreen.storyboard;
			sourceTree = "<group>";
		};
/* End PBXVariantGroup section */

/* Begin XCBuildConfiguration section */
		8FE8167A221C62AE00075568 /* Debug */ = {
			isa = XCBuildConfiguration;
			buildSettings = {
				ALWAYS_SEARCH_USER_PATHS = NO;
				CLANG_ANALYZER_NONNULL = YES;
				CLANG_ANALYZER_NUMBER_OBJECT_CONVERSION = YES_AGGRESSIVE;
				CLANG_CXX_LANGUAGE_STANDARD = "gnu++14";
				CLANG_CXX_LIBRARY = "libc++";
				CLANG_ENABLE_MODULES = YES;
				CLANG_ENABLE_OBJC_ARC = YES;
				CLANG_ENABLE_OBJC_WEAK = YES;
				CLANG_WARN_BLOCK_CAPTURE_AUTORELEASING = YES;
				CLANG_WARN_BOOL_CONVERSION = YES;
				CLANG_WARN_COMMA = YES;
				CLANG_WARN_CONSTANT_CONVERSION = YES;
				CLANG_WARN_DEPRECATED_OBJC_IMPLEMENTATIONS = YES;
				CLANG_WARN_DIRECT_OBJC_ISA_USAGE = YES_ERROR;
				CLANG_WARN_DOCUMENTATION_COMMENTS = YES;
				CLANG_WARN_EMPTY_BODY = YES;
				CLANG_WARN_ENUM_CONVERSION = YES;
				CLANG_WARN_INFINITE_RECURSION = YES;
				CLANG_WARN_INT_CONVERSION = YES;
				CLANG_WARN_NON_LITERAL_NULL_CONVERSION = YES;
				CLANG_WARN_OBJC_IMPLICIT_RETAIN_SELF = YES;
				CLANG_WARN_OBJC_LITERAL_CONVERSION = YES;
				CLANG_WARN_OBJC_ROOT_CLASS = YES_ERROR;
				CLANG_WARN_RANGE_LOOP_ANALYSIS = YES;
				CLANG_WARN_STRICT_PROTOTYPES = YES;
				CLANG_WARN_SUSPICIOUS_MOVE = YES;
				CLANG_WARN_UNGUARDED_AVAILABILITY = YES_AGGRESSIVE;
				CLANG_WARN_UNREACHABLE_CODE = YES;
				CLANG_WARN__DUPLICATE_METHOD_MATCH = YES;
				CODE_SIGN_IDENTITY = "iPhone Developer";
				COPY_PHASE_STRIP = NO;
				DEBUG_INFORMATION_FORMAT = dwarf;
				ENABLE_STRICT_OBJC_MSGSEND = YES;
				ENABLE_TESTABILITY = YES;
				GCC_C_LANGUAGE_STANDARD = gnu11;
				GCC_DYNAMIC_NO_PIC = NO;
				GCC_NO_COMMON_BLOCKS = YES;
				GCC_OPTIMIZATION_LEVEL = 0;
				GCC_PREPROCESSOR_DEFINITIONS = (
					"DEBUG=1",
					"$(inherited)",
				);
				GCC_WARN_64_TO_32_BIT_CONVERSION = YES;
				GCC_WARN_ABOUT_RETURN_TYPE = YES_ERROR;
				GCC_WARN_UNDECLARED_SELECTOR = YES;
				GCC_WARN_UNINITIALIZED_AUTOS = YES_AGGRESSIVE;
				GCC_WARN_UNUSED_FUNCTION = YES;
				GCC_WARN_UNUSED_VARIABLE = YES;
				IPHONEOS_DEPLOYMENT_TARGET = 12.1;
				MTL_ENABLE_DEBUG_INFO = INCLUDE_SOURCE;
				MTL_FAST_MATH = YES;
				ONLY_ACTIVE_ARCH = YES;
				SDKROOT = iphoneos;
				SWIFT_ACTIVE_COMPILATION_CONDITIONS = DEBUG;
				SWIFT_OPTIMIZATION_LEVEL = "-Onone";
			};
			name = Debug;
		};
		8FE8167B221C62AE00075568 /* Release */ = {
			isa = XCBuildConfiguration;
			buildSettings = {
				ALWAYS_SEARCH_USER_PATHS = NO;
				CLANG_ANALYZER_NONNULL = YES;
				CLANG_ANALYZER_NUMBER_OBJECT_CONVERSION = YES_AGGRESSIVE;
				CLANG_CXX_LANGUAGE_STANDARD = "gnu++14";
				CLANG_CXX_LIBRARY = "libc++";
				CLANG_ENABLE_MODULES = YES;
				CLANG_ENABLE_OBJC_ARC = YES;
				CLANG_ENABLE_OBJC_WEAK = YES;
				CLANG_WARN_BLOCK_CAPTURE_AUTORELEASING = YES;
				CLANG_WARN_BOOL_CONVERSION = YES;
				CLANG_WARN_COMMA = YES;
				CLANG_WARN_CONSTANT_CONVERSION = YES;
				CLANG_WARN_DEPRECATED_OBJC_IMPLEMENTATIONS = YES;
				CLANG_WARN_DIRECT_OBJC_ISA_USAGE = YES_ERROR;
				CLANG_WARN_DOCUMENTATION_COMMENTS = YES;
				CLANG_WARN_EMPTY_BODY = YES;
				CLANG_WARN_ENUM_CONVERSION = YES;
				CLANG_WARN_INFINITE_RECURSION = YES;
				CLANG_WARN_INT_CONVERSION = YES;
				CLANG_WARN_NON_LITERAL_NULL_CONVERSION = YES;
				CLANG_WARN_OBJC_IMPLICIT_RETAIN_SELF = YES;
				CLANG_WARN_OBJC_LITERAL_CONVERSION = YES;
				CLANG_WARN_OBJC_ROOT_CLASS = YES_ERROR;
				CLANG_WARN_RANGE_LOOP_ANALYSIS = YES;
				CLANG_WARN_STRICT_PROTOTYPES = YES;
				CLANG_WARN_SUSPICIOUS_MOVE = YES;
				CLANG_WARN_UNGUARDED_AVAILABILITY = YES_AGGRESSIVE;
				CLANG_WARN_UNREACHABLE_CODE = YES;
				CLANG_WARN__DUPLICATE_METHOD_MATCH = YES;
				CODE_SIGN_IDENTITY = "iPhone Developer";
				COPY_PHASE_STRIP = NO;
				DEBUG_INFORMATION_FORMAT = "dwarf-with-dsym";
				ENABLE_NS_ASSERTIONS = NO;
				ENABLE_STRICT_OBJC_MSGSEND = YES;
				GCC_C_LANGUAGE_STANDARD = gnu11;
				GCC_NO_COMMON_BLOCKS = YES;
				GCC_WARN_64_TO_32_BIT_CONVERSION = YES;
				GCC_WARN_ABOUT_RETURN_TYPE = YES_ERROR;
				GCC_WARN_UNDECLARED_SELECTOR = YES;
				GCC_WARN_UNINITIALIZED_AUTOS = YES_AGGRESSIVE;
				GCC_WARN_UNUSED_FUNCTION = YES;
				GCC_WARN_UNUSED_VARIABLE = YES;
				IPHONEOS_DEPLOYMENT_TARGET = 12.1;
				MTL_ENABLE_DEBUG_INFO = NO;
				MTL_FAST_MATH = YES;
				SDKROOT = iphoneos;
				SWIFT_COMPILATION_MODE = wholemodule;
				SWIFT_OPTIMIZATION_LEVEL = "-O";
				VALIDATE_PRODUCT = YES;
			};
			name = Release;
		};
		8FE8167D221C62AF00075568 /* Debug */ = {
			isa = XCBuildConfiguration;
			buildSettings = {
				ASSETCATALOG_COMPILER_APPICON_NAME = AppIcon;
				CODE_SIGN_STYLE = Automatic;
				INFOPLIST_FILE = HustleUp/Info.plist;
				LD_RUNPATH_SEARCH_PATHS = (
					"$(inherited)",
					"@executable_path/Frameworks",
				);
				PRODUCT_BUNDLE_IDENTIFIER = msevcik.HustleUp;
				PRODUCT_NAME = "$(TARGET_NAME)";
				SWIFT_VERSION = 4.2;
				TARGETED_DEVICE_FAMILY = "1,2";
			};
			name = Debug;
		};
		8FE8167E221C62AF00075568 /* Release */ = {
			isa = XCBuildConfiguration;
			buildSettings = {
				ASSETCATALOG_COMPILER_APPICON_NAME = AppIcon;
				CODE_SIGN_STYLE = Automatic;
				INFOPLIST_FILE = HustleUp/Info.plist;
				LD_RUNPATH_SEARCH_PATHS = (
					"$(inherited)",
					"@executable_path/Frameworks",
				);
				PRODUCT_BUNDLE_IDENTIFIER = msevcik.HustleUp;
				PRODUCT_NAME = "$(TARGET_NAME)";
				SWIFT_VERSION = 4.2;
				TARGETED_DEVICE_FAMILY = "1,2";
			};
			name = Release;
		};
		8FE81680221C62AF00075568 /* Debug */ = {
			isa = XCBuildConfiguration;
			buildSettings = {
				ALWAYS_EMBED_SWIFT_STANDARD_LIBRARIES = YES;
				BUNDLE_LOADER = "$(TEST_HOST)";
				CODE_SIGN_STYLE = Automatic;
				INFOPLIST_FILE = HustleUpTests/Info.plist;
				LD_RUNPATH_SEARCH_PATHS = (
					"$(inherited)",
					"@executable_path/Frameworks",
					"@loader_path/Frameworks",
				);
				PRODUCT_BUNDLE_IDENTIFIER = msevcik.HustleUpTests;
				PRODUCT_NAME = "$(TARGET_NAME)";
				SWIFT_VERSION = 4.2;
				TARGETED_DEVICE_FAMILY = "1,2";
				TEST_HOST = "$(BUILT_PRODUCTS_DIR)/HustleUp.app/HustleUp";
			};
			name = Debug;
		};
		8FE81681221C62AF00075568 /* Release */ = {
			isa = XCBuildConfiguration;
			buildSettings = {
				ALWAYS_EMBED_SWIFT_STANDARD_LIBRARIES = YES;
				BUNDLE_LOADER = "$(TEST_HOST)";
				CODE_SIGN_STYLE = Automatic;
				INFOPLIST_FILE = HustleUpTests/Info.plist;
				LD_RUNPATH_SEARCH_PATHS = (
					"$(inherited)",
					"@executable_path/Frameworks",
					"@loader_path/Frameworks",
				);
				PRODUCT_BUNDLE_IDENTIFIER = msevcik.HustleUpTests;
				PRODUCT_NAME = "$(TARGET_NAME)";
				SWIFT_VERSION = 4.2;
				TARGETED_DEVICE_FAMILY = "1,2";
				TEST_HOST = "$(BUILT_PRODUCTS_DIR)/HustleUp.app/HustleUp";
			};
			name = Release;
		};
		8FE81683221C62AF00075568 /* Debug */ = {
			isa = XCBuildConfiguration;
			buildSettings = {
				ALWAYS_EMBED_SWIFT_STANDARD_LIBRARIES = YES;
				CODE_SIGN_STYLE = Automatic;
				INFOPLIST_FILE = HustleUpUITests/Info.plist;
				LD_RUNPATH_SEARCH_PATHS = (
					"$(inherited)",
					"@executable_path/Frameworks",
					"@loader_path/Frameworks",
				);
				PRODUCT_BUNDLE_IDENTIFIER = msevcik.HustleUpUITests;
				PRODUCT_NAME = "$(TARGET_NAME)";
				SWIFT_VERSION = 4.2;
				TARGETED_DEVICE_FAMILY = "1,2";
				TEST_TARGET_NAME = HustleUp;
			};
			name = Debug;
		};
		8FE81684221C62AF00075568 /* Release */ = {
			isa = XCBuildConfiguration;
			buildSettings = {
				ALWAYS_EMBED_SWIFT_STANDARD_LIBRARIES = YES;
				CODE_SIGN_STYLE = Automatic;
				INFOPLIST_FILE = HustleUpUITests/Info.plist;
				LD_RUNPATH_SEARCH_PATHS = (
					"$(inherited)",
					"@executable_path/Frameworks",
					"@loader_path/Frameworks",
				);
				PRODUCT_BUNDLE_IDENTIFIER = msevcik.HustleUpUITests;
				PRODUCT_NAME = "$(TARGET_NAME)";
				SWIFT_VERSION = 4.2;
				TARGETED_DEVICE_FAMILY = "1,2";
				TEST_TARGET_NAME = HustleUp;
			};
			name = Release;
		};
/* End XCBuildConfiguration section */

/* Begin XCConfigurationList section */
		8FE8164F221C62A700075568 /* Build configuration list for PBXProject "HustleUp" */ = {
			isa = XCConfigurationList;
			buildConfigurations = (
				8FE8167A221C62AE00075568 /* Debug */,
				8FE8167B221C62AE00075568 /* Release */,
			);
			defaultConfigurationIsVisible = 0;
			defaultConfigurationName = Release;
		};
		8FE8167C221C62AF00075568 /* Build configuration list for PBXNativeTarget "HustleUp" */ = {
			isa = XCConfigurationList;
			buildConfigurations = (
				8FE8167D221C62AF00075568 /* Debug */,
				8FE8167E221C62AF00075568 /* Release */,
			);
			defaultConfigurationIsVisible = 0;
			defaultConfigurationName = Release;
		};
		8FE8167F221C62AF00075568 /* Build configuration list for PBXNativeTarget "HustleUpTests" */ = {
			isa = XCConfigurationList;
			buildConfigurations = (
				8FE81680221C62AF00075568 /* Debug */,
				8FE81681221C62AF00075568 /* Release */,
			);
			defaultConfigurationIsVisible = 0;
			defaultConfigurationName = Release;
		};
		8FE81682221C62AF00075568 /* Build configuration list for PBXNativeTarget "HustleUpUITests" */ = {
			isa = XCConfigurationList;
			buildConfigurations = (
				8FE81683221C62AF00075568 /* Debug */,
				8FE81684221C62AF00075568 /* Release */,
			);
			defaultConfigurationIsVisible = 0;
			defaultConfigurationName = Release;
		};
/* End XCConfigurationList section */
	};
	rootObject = 8FE8164C221C62A700075568 /* Project object */;
}
